
Microsoft Visual Studio Solution File, Format Version 12.00
# Visual Studio Version 16
VisualStudioVersion = 16.0.30717.126
MinimumVisualStudioVersion = 10.0.40219.1
Project("{FAE04EC0-301F-11D3-BF4B-00C04F79EFBC}") = "ProductBlazorFront", "ProductBlazorFront.csproj", "{EC2C1E50-AD1D-4F06-95F3-367A60EE9323}"
EndProject
Global
	GlobalSection(SolutionConfigurationPlatforms) = preSolution
		Debug|Any CPU = Debug|Any CPU
		Release|Any CPU = Release|Any CPU
	EndGlobalSection
	GlobalSection(ProjectConfigurationPlatforms) = postSolution
		{EC2C1E50-AD1D-4F06-95F3-367A60EE9323}.Debug|Any CPU.ActiveCfg = Debug|Any CPU
		{EC2C1E50-AD1D-4F06-95F3-367A60EE9323}.Debug|Any CPU.Build.0 = Debug|Any CPU
		{EC2C1E50-AD1D-4F06-95F3-367A60EE9323}.Release|Any CPU.ActiveCfg = Release|Any CPU
		{EC2C1E50-AD1D-4F06-95F3-367A60EE9323}.Release|Any CPU.Build.0 = Release|Any CPU
	EndGlobalSection
	GlobalSection(SolutionProperties) = preSolution
		HideSolutionNode = FALSE
	EndGlobalSection
	GlobalSection(ExtensibilityGlobals) = postSolution
		SolutionGuid = {1C2A76E9-C45E-4652-8019-1AC221107286}
	EndGlobalSection
EndGlobal
